// !$*UTF8*$!
{
	archiveVersion = 1;
	classes = {
	};
	objectVersion = 46;
	objects = {

/* Begin PBXBuildFile section */
		7A116EED1C220D14005B8A0E /* StackInAScrollViewController.m in Sources */ = {isa = PBXBuildFile; fileRef = 7A116EEB1C220D14005B8A0E /* StackInAScrollViewController.m */; };
		7A116EEE1C220D14005B8A0E /* StackInAScrollViewController.xib in Resources */ = {isa = PBXBuildFile; fileRef = 7A116EEC1C220D14005B8A0E /* StackInAScrollViewController.xib */; };
		7A3850281BFD39B8003193A6 /* main.m in Sources */ = {isa = PBXBuildFile; fileRef = 7A3850271BFD39B8003193A6 /* main.m */; };
		7A38502B1BFD39B8003193A6 /* AppDelegate.m in Sources */ = {isa = PBXBuildFile; fileRef = 7A38502A1BFD39B8003193A6 /* AppDelegate.m */; };
		7A38502E1BFD39B8003193A6 /* ViewController.m in Sources */ = {isa = PBXBuildFile; fileRef = 7A38502D1BFD39B8003193A6 /* ViewController.m */; };
		7A3850311BFD39B8003193A6 /* Main.storyboard in Resources */ = {isa = PBXBuildFile; fileRef = 7A38502F1BFD39B8003193A6 /* Main.storyboard */; };
		7A3850331BFD39B8003193A6 /* Assets.xcassets in Resources */ = {isa = PBXBuildFile; fileRef = 7A3850321BFD39B8003193A6 /* Assets.xcassets */; };
		7A3850361BFD39B8003193A6 /* LaunchScreen.storyboard in Resources */ = {isa = PBXBuildFile; fileRef = 7A3850341BFD39B8003193A6 /* LaunchScreen.storyboard */; };
		7A6151BA1C0668F60029FBA0 /* PropertyViewController.m in Sources */ = {isa = PBXBuildFile; fileRef = 7A6151B81C0668F60029FBA0 /* PropertyViewController.m */; };
		7A6151BB1C0668F60029FBA0 /* PropertyViewController.xib in Resources */ = {isa = PBXBuildFile; fileRef = 7A6151B91C0668F60029FBA0 /* PropertyViewController.xib */; };
		7A6151BF1C0670BD0029FBA0 /* ShowPropertyOptionsViewController.m in Sources */ = {isa = PBXBuildFile; fileRef = 7A6151BD1C0670BD0029FBA0 /* ShowPropertyOptionsViewController.m */; };
		7A6151C01C0670BD0029FBA0 /* ShowPropertyOptionsViewController.xib in Resources */ = {isa = PBXBuildFile; fileRef = 7A6151BE1C0670BD0029FBA0 /* ShowPropertyOptionsViewController.xib */; };
/* End PBXBuildFile section */

/* Begin PBXFileReference section */
		7A116EEA1C220D14005B8A0E /* StackInAScrollViewController.h */ = {isa = PBXFileReference; fileEncoding = 4; lastKnownFileType = sourcecode.c.h; path = StackInAScrollViewController.h; sourceTree = "<group>"; };
		7A116EEB1C220D14005B8A0E /* StackInAScrollViewController.m */ = {isa = PBXFileReference; fileEncoding = 4; lastKnownFileType = sourcecode.c.objc; path = StackInAScrollViewController.m; sourceTree = "<group>"; };
		7A116EEC1C220D14005B8A0E /* StackInAScrollViewController.xib */ = {isa = PBXFileReference; fileEncoding = 4; lastKnownFileType = file.xib; path = StackInAScrollViewController.xib; sourceTree = "<group>"; };
		7A3850231BFD39B8003193A6 /* FunWithStackViews.app */ = {isa = PBXFileReference; explicitFileType = wrapper.application; includeInIndex = 0; path = FunWithStackViews.app; sourceTree = BUILT_PRODUCTS_DIR; };
		7A3850271BFD39B8003193A6 /* main.m */ = {isa = PBXFileReference; lastKnownFileType = sourcecode.c.objc; path = main.m; sourceTree = "<group>"; };
		7A3850291BFD39B8003193A6 /* AppDelegate.h */ = {isa = PBXFileReference; lastKnownFileType = sourcecode.c.h; path = AppDelegate.h; sourceTree = "<group>"; };
		7A38502A1BFD39B8003193A6 /* AppDelegate.m */ = {isa = PBXFileReference; lastKnownFileType = sourcecode.c.objc; path = AppDelegate.m; sourceTree = "<group>"; };
		7A38502C1BFD39B8003193A6 /* ViewController.h */ = {isa = PBXFileReference; lastKnownFileType = sourcecode.c.h; path = ViewController.h; sourceTree = "<group>"; };
		7A38502D1BFD39B8003193A6 /* ViewController.m */ = {isa = PBXFileReference; lastKnownFileType = sourcecode.c.objc; path = ViewController.m; sourceTree = "<group>"; };
		7A3850301BFD39B8003193A6 /* Base */ = {isa = PBXFileReference; lastKnownFileType = file.storyboard; name = Base; path = Base.lproj/Main.storyboard; sourceTree = "<group>"; };
		7A3850321BFD39B8003193A6 /* Assets.xcassets */ = {isa = PBXFileReference; lastKnownFileType = folder.assetcatalog; path = Assets.xcassets; sourceTree = "<group>"; };
		7A3850351BFD39B8003193A6 /* Base */ = {isa = PBXFileReference; lastKnownFileType = file.storyboard; name = Base; path = Base.lproj/LaunchScreen.storyboard; sourceTree = "<group>"; };
		7A3850371BFD39B8003193A6 /* Info.plist */ = {isa = PBXFileReference; lastKnownFileType = text.plist.xml; path = Info.plist; sourceTree = "<group>"; };
		7A6151B71C0668F60029FBA0 /* PropertyViewController.h */ = {isa = PBXFileReference; fileEncoding = 4; lastKnownFileType = sourcecode.c.h; path = PropertyViewController.h; sourceTree = "<group>"; };
		7A6151B81C0668F60029FBA0 /* PropertyViewController.m */ = {isa = PBXFileReference; fileEncoding = 4; lastKnownFileType = sourcecode.c.objc; path = PropertyViewController.m; sourceTree = "<group>"; };
		7A6151B91C0668F60029FBA0 /* PropertyViewController.xib */ = {isa = PBXFileReference; fileEncoding = 4; lastKnownFileType = file.xib; path = PropertyViewController.xib; sourceTree = "<group>"; };
		7A6151BC1C0670BD0029FBA0 /* ShowPropertyOptionsViewController.h */ = {isa = PBXFileReference; fileEncoding = 4; lastKnownFileType = sourcecode.c.h; path = ShowPropertyOptionsViewController.h; sourceTree = "<group>"; };
		7A6151BD1C0670BD0029FBA0 /* ShowPropertyOptionsViewController.m */ = {isa = PBXFileReference; fileEncoding = 4; lastKnownFileType = sourcecode.c.objc; path = ShowPropertyOptionsViewController.m; sourceTree = "<group>"; };
		7A6151BE1C0670BD0029FBA0 /* ShowPropertyOptionsViewController.xib */ = {isa = PBXFileReference; fileEncoding = 4; lastKnownFileType = file.xib; path = ShowPropertyOptionsViewController.xib; sourceTree = "<group>"; };
/* End PBXFileReference section */

/* Begin PBXFrameworksBuildPhase section */
		7A3850201BFD39B8003193A6 /* Frameworks */ = {
			isa = PBXFrameworksBuildPhase;
			buildActionMask = 2147483647;
			files = (
			);
			runOnlyForDeploymentPostprocessing = 0;
		};
/* End PBXFrameworksBuildPhase section */

/* Begin PBXGroup section */
		7A38501A1BFD39B8003193A6 = {
			isa = PBXGroup;
			children = (
				7A3850251BFD39B8003193A6 /* FunWithStackViews */,
				7A3850241BFD39B8003193A6 /* Products */,
			);
			sourceTree = "<group>";
		};
		7A3850241BFD39B8003193A6 /* Products */ = {
			isa = PBXGroup;
			children = (
				7A3850231BFD39B8003193A6 /* FunWithStackViews.app */,
			);
			name = Products;
			sourceTree = "<group>";
		};
		7A3850251BFD39B8003193A6 /* FunWithStackViews */ = {
			isa = PBXGroup;
			children = (
				7A3850291BFD39B8003193A6 /* AppDelegate.h */,
				7A38502A1BFD39B8003193A6 /* AppDelegate.m */,
				7A38502C1BFD39B8003193A6 /* ViewController.h */,
				7A38502D1BFD39B8003193A6 /* ViewController.m */,
				7A38502F1BFD39B8003193A6 /* Main.storyboard */,
				7A6151BC1C0670BD0029FBA0 /* ShowPropertyOptionsViewController.h */,
				7A6151BD1C0670BD0029FBA0 /* ShowPropertyOptionsViewController.m */,
				7A6151BE1C0670BD0029FBA0 /* ShowPropertyOptionsViewController.xib */,
				7A6151B71C0668F60029FBA0 /* PropertyViewController.h */,
				7A6151B81C0668F60029FBA0 /* PropertyViewController.m */,
				7A6151B91C0668F60029FBA0 /* PropertyViewController.xib */,
				7A116EEA1C220D14005B8A0E /* StackInAScrollViewController.h */,
				7A116EEB1C220D14005B8A0E /* StackInAScrollViewController.m */,
				7A116EEC1C220D14005B8A0E /* StackInAScrollViewController.xib */,
				7A3850321BFD39B8003193A6 /* Assets.xcassets */,
				7A3850341BFD39B8003193A6 /* LaunchScreen.storyboard */,
				7A3850371BFD39B8003193A6 /* Info.plist */,
				7A3850261BFD39B8003193A6 /* Supporting Files */,
			);
			path = FunWithStackViews;
			sourceTree = "<group>";
		};
		7A3850261BFD39B8003193A6 /* Supporting Files */ = {
			isa = PBXGroup;
			children = (
				7A3850271BFD39B8003193A6 /* main.m */,
			);
			name = "Supporting Files";
			sourceTree = "<group>";
		};
/* End PBXGroup section */

/* Begin PBXNativeTarget section */
		7A3850221BFD39B8003193A6 /* FunWithStackViews */ = {
			isa = PBXNativeTarget;
			buildConfigurationList = 7A38503A1BFD39B8003193A6 /* Build configuration list for PBXNativeTarget "FunWithStackViews" */;
			buildPhases = (
				7A38501F1BFD39B8003193A6 /* Sources */,
				7A3850201BFD39B8003193A6 /* Frameworks */,
				7A3850211BFD39B8003193A6 /* Resources */,
			);
			buildRules = (
			);
			dependencies = (
			);
			name = FunWithStackViews;
			productName = FunWithStackViews;
			productReference = 7A3850231BFD39B8003193A6 /* FunWithStackViews.app */;
			productType = "com.apple.product-type.application";
		};
/* End PBXNativeTarget section */

/* Begin PBXProject section */
		7A38501B1BFD39B8003193A6 /* Project object */ = {
			isa = PBXProject;
			attributes = {
				LastUpgradeCheck = 0710;
				ORGANIZATIONNAME = "Brian Radebaugh";
				TargetAttributes = {
					7A3850221BFD39B8003193A6 = {
						CreatedOnToolsVersion = 7.1;
					};
				};
			};
			buildConfigurationList = 7A38501E1BFD39B8003193A6 /* Build configuration list for PBXProject "FunWithStackViews" */;
			compatibilityVersion = "Xcode 3.2";
			developmentRegion = English;
			hasScannedForEncodings = 0;
			knownRegions = (
				en,
				Base,
			);
			mainGroup = 7A38501A1BFD39B8003193A6;
			productRefGroup = 7A3850241BFD39B8003193A6 /* Products */;
			projectDirPath = "";
			projectRoot = "";
			targets = (
				7A3850221BFD39B8003193A6 /* FunWithStackViews */,
			);
		};
/* End PBXProject section */

/* Begin PBXResourcesBuildPhase section */
		7A3850211BFD39B8003193A6 /* Resources */ = {
			isa = PBXResourcesBuildPhase;
			buildActionMask = 2147483647;
			files = (
				7A3850361BFD39B8003193A6 /* LaunchScreen.storyboard in Resources */,
				7A6151C01C0670BD0029FBA0 /* ShowPropertyOptionsViewController.xib in Resources */,
				7A3850331BFD39B8003193A6 /* Assets.xcassets in Resources */,
				7A3850311BFD39B8003193A6 /* Main.storyboard in Resources */,
				7A116EEE1C220D14005B8A0E /* StackInAScrollViewController.xib in Resources */,
				7A6151BB1C0668F60029FBA0 /* PropertyViewController.xib in Resources */,
			);
			runOnlyForDeploymentPostprocessing = 0;
		};
/* End PBXResourcesBuildPhase section */

/* Begin PBXSourcesBuildPhase section */
		7A38501F1BFD39B8003193A6 /* Sources */ = {
			isa = PBXSourcesBuildPhase;
			buildActionMask = 2147483647;
			files = (
				7A6151BF1C0670BD0029FBA0 /* ShowPropertyOptionsViewController.m in Sources */,
				7A38502E1BFD39B8003193A6 /* ViewController.m in Sources */,
				7A38502B1BFD39B8003193A6 /* AppDelegate.m in Sources */,
				7A3850281BFD39B8003193A6 /* main.m in Sources */,
				7A6151BA1C0668F60029FBA0 /* PropertyViewController.m in Sources */,
				7A116EED1C220D14005B8A0E /* StackInAScrollViewController.m in Sources */,
			);
			runOnlyForDeploymentPostprocessing = 0;
		};
/* End PBXSourcesBuildPhase section */

/* Begin PBXVariantGroup section */
		7A38502F1BFD39B8003193A6 /* Main.storyboard */ = {
			isa = PBXVariantGroup;
			children = (
				7A3850301BFD39B8003193A6 /* Base */,
			);
			name = Main.storyboard;
			sourceTree = "<group>";
		};
		7A3850341BFD39B8003193A6 /* LaunchScreen.storyboard */ = {
			isa = PBXVariantGroup;
			children = (
				7A3850351BFD39B8003193A6 /* Base */,
			);
			name = LaunchScreen.storyboard;
			sourceTree = "<group>";
		};
/* End PBXVariantGroup section */

/* Begin XCBuildConfiguration section */
		7A3850381BFD39B8003193A6 /* Debug */ = {
			isa = XCBuildConfiguration;
			buildSettings = {
				ALWAYS_SEARCH_USER_PATHS = NO;
				CLANG_CXX_LANGUAGE_STANDARD = "gnu++0x";
				CLANG_CXX_LIBRARY = "libc++";
				CLANG_ENABLE_MODULES = YES;
				CLANG_ENABLE_OBJC_ARC = YES;
				CLANG_WARN_BOOL_CONVERSION = YES;
				CLANG_WARN_CONSTANT_CONVERSION = YES;
				CLANG_WARN_DIRECT_OBJC_ISA_USAGE = YES_ERROR;
				CLANG_WARN_EMPTY_BODY = YES;
				CLANG_WARN_ENUM_CONVERSION = YES;
				CLANG_WARN_INT_CONVERSION = YES;
				CLANG_WARN_OBJC_ROOT_CLASS = YES_ERROR;
				CLANG_WARN_UNREACHABLE_CODE = YES;
				CLANG_WARN__DUPLICATE_METHOD_MATCH = YES;
				"CODE_SIGN_IDENTITY[sdk=iphoneos*]" = "iPhone Developer";
				COPY_PHASE_STRIP = NO;
				DEBUG_INFORMATION_FORMAT = dwarf;
				ENABLE_STRICT_OBJC_MSGSEND = YES;
				ENABLE_TESTABILITY = YES;
				GCC_C_LANGUAGE_STANDARD = gnu99;
				GCC_DYNAMIC_NO_PIC = NO;
				GCC_NO_COMMON_BLOCKS = YES;
				GCC_OPTIMIZATION_LEVEL = 0;
				GCC_PREPROCESSOR_DEFINITIONS = (
					"DEBUG=1",
					"$(inherited)",
				);
				GCC_WARN_64_TO_32_BIT_CONVERSION = YES;
				GCC_WARN_ABOUT_RETURN_TYPE = YES_ERROR;
				GCC_WARN_UNDECLARED_SELECTOR = YES;
				GCC_WARN_UNINITIALIZED_AUTOS = YES_AGGRESSIVE;
				GCC_WARN_UNUSED_FUNCTION = YES;
				GCC_WARN_UNUSED_VARIABLE = YES;
				IPHONEOS_DEPLOYMENT_TARGET = 9.1;
				MTL_ENABLE_DEBUG_INFO = YES;
				ONLY_ACTIVE_ARCH = YES;
				SDKROOT = iphoneos;
				TARGETED_DEVICE_FAMILY = "1,2";
			};
			name = Debug;
		};
		7A3850391BFD39B8003193A6 /* Release */ = {
			isa = XCBuildConfiguration;
			buildSettings = {
				ALWAYS_SEARCH_USER_PATHS = NO;
				CLANG_CXX_LANGUAGE_STANDARD = "gnu++0x";
				CLANG_CXX_LIBRARY = "libc++";
				CLANG_ENABLE_MODULES = YES;
				CLANG_ENABLE_OBJC_ARC = YES;
				CLANG_WARN_BOOL_CONVERSION = YES;
				CLANG_WARN_CONSTANT_CONVERSION = YES;
				CLANG_WARN_DIRECT_OBJC_ISA_USAGE = YES_ERROR;
				CLANG_WARN_EMPTY_BODY = YES;
				CLANG_WARN_ENUM_CONVERSION = YES;
				CLANG_WARN_INT_CONVERSION = YES;
				CLANG_WARN_OBJC_ROOT_CLASS = YES_ERROR;
				CLANG_WARN_UNREACHABLE_CODE = YES;
				CLANG_WARN__DUPLICATE_METHOD_MATCH = YES;
				"CODE_SIGN_IDENTITY[sdk=iphoneos*]" = "iPhone Developer";
				COPY_PHASE_STRIP = NO;
				DEBUG_INFORMATION_FORMAT = "dwarf-with-dsym";
				ENABLE_NS_ASSERTIONS = NO;
				ENABLE_STRICT_OBJC_MSGSEND = YES;
				GCC_C_LANGUAGE_STANDARD = gnu99;
				GCC_NO_COMMON_BLOCKS = YES;
				GCC_WARN_64_TO_32_BIT_CONVERSION = YES;
				GCC_WARN_ABOUT_RETURN_TYPE = YES_ERROR;
				GCC_WARN_UNDECLARED_SELECTOR = YES;
				GCC_WARN_UNINITIALIZED_AUTOS = YES_AGGRESSIVE;
				GCC_WARN_UNUSED_FUNCTION = YES;
				GCC_WARN_UNUSED_VARIABLE = YES;
				IPHONEOS_DEPLOYMENT_TARGET = 9.1;
				MTL_ENABLE_DEBUG_INFO = NO;
				SDKROOT = iphoneos;
				TARGETED_DEVICE_FAMILY = "1,2";
				VALIDATE_PRODUCT = YES;
			};
			name = Release;
		};
		7A38503B1BFD39B8003193A6 /* Debug */ = {
			isa = XCBuildConfiguration;
			buildSettings = {
				ASSETCATALOG_COMPILER_APPICON_NAME = AppIcon;
				INFOPLIST_FILE = FunWithStackViews/Info.plist;
				LD_RUNPATH_SEARCH_PATHS = "$(inherited) @executable_path/Frameworks";
				PRODUCT_BUNDLE_IDENTIFIER = RIV.FunWithStackViews;
				PRODUCT_NAME = "$(TARGET_NAME)";
			};
			name = Debug;
		};
		7A38503C1BFD39B8003193A6 /* Release */ = {
			isa = XCBuildConfiguration;
			buildSettings = {
				ASSETCATALOG_COMPILER_APPICON_NAME = AppIcon;
				INFOPLIST_FILE = FunWithStackViews/Info.plist;
				LD_RUNPATH_SEARCH_PATHS = "$(inherited) @executable_path/Frameworks";
				PRODUCT_BUNDLE_IDENTIFIER = RIV.FunWithStackViews;
				PRODUCT_NAME = "$(TARGET_NAME)";
			};
			name = Release;
		};
/* End XCBuildConfiguration section */

/* Begin XCConfigurationList section */
		7A38501E1BFD39B8003193A6 /* Build configuration list for PBXProject "FunWithStackViews" */ = {
			isa = XCConfigurationList;
			buildConfigurations = (
				7A3850381BFD39B8003193A6 /* Debug */,
				7A3850391BFD39B8003193A6 /* Release */,
			);
			defaultConfigurationIsVisible = 0;
			defaultConfigurationName = Release;
		};
		7A38503A1BFD39B8003193A6 /* Build configuration list for PBXNativeTarget "FunWithStackViews" */ = {
			isa = XCConfigurationList;
			buildConfigurations = (
				7A38503B1BFD39B8003193A6 /* Debug */,
				7A38503C1BFD39B8003193A6 /* Release */,
			);
			defaultConfigurationIsVisible = 0;
			defaultConfigurationName = Release;
		};
/* End XCConfigurationList section */
	};
	rootObject = 7A38501B1BFD39B8003193A6 /* Project object */;
}
